
Microsoft Visual Studio Solution File, Format Version 12.00
# Visual Studio Version 16
VisualStudioVersion = 16.0.31112.23
MinimumVisualStudioVersion = 10.0.40219.1
Project("{FAE04EC0-301F-11D3-BF4B-00C04F79EFBC}") = "WebApplication7", "WebApplication7\WebApplication7.csproj", "{2B98C326-7A4F-413D-8F52-F0A8601A0E3C}"
EndProject
Global
	GlobalSection(SolutionConfigurationPlatforms) = preSolution
		Debug|Any CPU = Debug|Any CPU
		Release|Any CPU = Release|Any CPU
	EndGlobalSection
	GlobalSection(ProjectConfigurationPlatforms) = postSolution
		{2B98C326-7A4F-413D-8F52-F0A8601A0E3C}.Debug|Any CPU.ActiveCfg = Debug|Any CPU
		{2B98C326-7A4F-413D-8F52-F0A8601A0E3C}.Debug|Any CPU.Build.0 = Debug|Any CPU
		{2B98C326-7A4F-413D-8F52-F0A8601A0E3C}.Release|Any CPU.ActiveCfg = Release|Any CPU
		{2B98C326-7A4F-413D-8F52-F0A8601A0E3C}.Release|Any CPU.Build.0 = Release|Any CPU
	EndGlobalSection
	GlobalSection(SolutionProperties) = preSolution
		HideSolutionNode = FALSE
	EndGlobalSection
	GlobalSection(ExtensibilityGlobals) = postSolution
		SolutionGuid = {DFA2A7CE-A797-4A15-9BD6-520A70931924}
	EndGlobalSection
EndGlobal
